{
  "name": "creator_presentation",
  "version": "1.0.0",
  "lockfileVersion": 1,
  "requires": true,
  "dependencies": {
    "tower-common": {
      "version": "git+ssh://git@gitlab.zssl.info:wordtower/common.git#e61b9be2730308eb252df6e238f3e671cb86779a",
      "from": "git+ssh://git@gitlab.zssl.info:wordtower/common.git#develop"
    }
  }
}
